
Microsoft Visual Studio Solution File, Format Version 12.00
Project("{FAE04EC0-301F-11D3-BF4B-00C04F79EFBC}") = "Loom.Engine", "Loom.Engine\Loom.Engine.csproj", "{745AF09B-920F-4AB4-BBBA-3DA8BD54CDA1}"
EndProject
Project("{FAE04EC0-301F-11D3-BF4B-00C04F79EFBC}") = "Loom.Engine.Tests", "Loom.Engine.Tests\Loom.Engine.Tests.csproj", "{45F1158D-016F-497C-996E-24362B0C6D90}"
EndProject
Global
	GlobalSection(SolutionConfigurationPlatforms) = preSolution
		Debug|Any CPU = Debug|Any CPU
		Release|Any CPU = Release|Any CPU
	EndGlobalSection
	GlobalSection(ProjectConfigurationPlatforms) = postSolution
		{745AF09B-920F-4AB4-BBBA-3DA8BD54CDA1}.Debug|Any CPU.ActiveCfg = Debug|Any CPU
		{745AF09B-920F-4AB4-BBBA-3DA8BD54CDA1}.Debug|Any CPU.Build.0 = Debug|Any CPU
		{745AF09B-920F-4AB4-BBBA-3DA8BD54CDA1}.Release|Any CPU.ActiveCfg = Release|Any CPU
		{745AF09B-920F-4AB4-BBBA-3DA8BD54CDA1}.Release|Any CPU.Build.0 = Release|Any CPU
		{45F1158D-016F-497C-996E-24362B0C6D90}.Debug|Any CPU.ActiveCfg = Debug|Any CPU
		{45F1158D-016F-497C-996E-24362B0C6D90}.Debug|Any CPU.Build.0 = Debug|Any CPU
		{45F1158D-016F-497C-996E-24362B0C6D90}.Release|Any CPU.ActiveCfg = Release|Any CPU
		{45F1158D-016F-497C-996E-24362B0C6D90}.Release|Any CPU.Build.0 = Release|Any CPU
	EndGlobalSection
EndGlobal
